
Microsoft Visual Studio Solution File, Format Version 12.00
# Visual Studio 15
VisualStudioVersion = 15.0.27703.2042
MinimumVisualStudioVersion = 10.0.40219.1
Project("{FAE04EC0-301F-11D3-BF4B-00C04F79EFBC}") = "ModuloInventario", "ModuloInventario\ModuloInventario.csproj", "{D37124BC-0FF8-4367-8009-877C64128025}"
EndProject
Global
	GlobalSection(SolutionConfigurationPlatforms) = preSolution
		Debug|Any CPU = Debug|Any CPU
		Release|Any CPU = Release|Any CPU
	EndGlobalSection
	GlobalSection(ProjectConfigurationPlatforms) = postSolution
		{D37124BC-0FF8-4367-8009-877C64128025}.Debug|Any CPU.ActiveCfg = Debug|Any CPU
		{D37124BC-0FF8-4367-8009-877C64128025}.Debug|Any CPU.Build.0 = Debug|Any CPU
		{D37124BC-0FF8-4367-8009-877C64128025}.Release|Any CPU.ActiveCfg = Release|Any CPU
		{D37124BC-0FF8-4367-8009-877C64128025}.Release|Any CPU.Build.0 = Release|Any CPU
	EndGlobalSection
	GlobalSection(SolutionProperties) = preSolution
		HideSolutionNode = FALSE
	EndGlobalSection
	GlobalSection(ExtensibilityGlobals) = postSolution
		SolutionGuid = {55363C5B-A900-4707-BC99-D4A7C736FDCE}
	EndGlobalSection
EndGlobal
